{
    "name": "pixelform/editor-utils",
    "version": "1.0.0",
    "lockfileVersion": 3,
    "requires": true,
    "packages": {
        "": {
            "name": "pixelform/editor-utils",
            "version": "1.0.0",
            "license": "MIT",
            "workspaces": [
                "./packages/*"
            ]
        },
        "node_modules/draggable": {
            "resolved": "packages/draggable",
            "link": true
        },
        "packages/draggable": {
            "version": "1.0.0",
            "license": "MIT"
        }
    }
}
